
Microsoft Visual Studio Solution File, Format Version 12.00
# Visual Studio Version 17
VisualStudioVersion = 17.3.32929.385
MinimumVisualStudioVersion = 10.0.40219.1
Project("{FAE04EC0-301F-11D3-BF4B-00C04F79EFBC}") = "StudentCRUDApp", "StudentCRUDApp\StudentCRUDApp.csproj", "{6FAA652A-FAE2-45ED-92CE-A20678953F21}"
EndProject
Global
	GlobalSection(SolutionConfigurationPlatforms) = preSolution
		Debug|Any CPU = Debug|Any CPU
		Release|Any CPU = Release|Any CPU
	EndGlobalSection
	GlobalSection(ProjectConfigurationPlatforms) = postSolution
		{6FAA652A-FAE2-45ED-92CE-A20678953F21}.Debug|Any CPU.ActiveCfg = Debug|Any CPU
		{6FAA652A-FAE2-45ED-92CE-A20678953F21}.Debug|Any CPU.Build.0 = Debug|Any CPU
		{6FAA652A-FAE2-45ED-92CE-A20678953F21}.Release|Any CPU.ActiveCfg = Release|Any CPU
		{6FAA652A-FAE2-45ED-92CE-A20678953F21}.Release|Any CPU.Build.0 = Release|Any CPU
	EndGlobalSection
	GlobalSection(SolutionProperties) = preSolution
		HideSolutionNode = FALSE
	EndGlobalSection
	GlobalSection(ExtensibilityGlobals) = postSolution
		SolutionGuid = {E1DA4EFD-A70B-43FF-9B69-E358CC626FAF}
	EndGlobalSection
EndGlobal
